
Microsoft Visual Studio Solution File, Format Version 12.00
# Visual Studio Version 17
VisualStudioVersion = 17.2.32630.192
MinimumVisualStudioVersion = 10.0.40219.1
Project("{9A19103F-16F7-4668-BE54-9A1E7A4F7556}") = "R5T.Z0041", "R5T.Z0041\R5T.Z0041.csproj", "{5BDFD386-D420-435B-88E2-78ECC8BBBC68}"
EndProject
Global
	GlobalSection(SolutionConfigurationPlatforms) = preSolution
		Debug|Any CPU = Debug|Any CPU
		Release|Any CPU = Release|Any CPU
	EndGlobalSection
	GlobalSection(ProjectConfigurationPlatforms) = postSolution
		{5BDFD386-D420-435B-88E2-78ECC8BBBC68}.Debug|Any CPU.ActiveCfg = Debug|Any CPU
		{5BDFD386-D420-435B-88E2-78ECC8BBBC68}.Debug|Any CPU.Build.0 = Debug|Any CPU
		{5BDFD386-D420-435B-88E2-78ECC8BBBC68}.Release|Any CPU.ActiveCfg = Release|Any CPU
		{5BDFD386-D420-435B-88E2-78ECC8BBBC68}.Release|Any CPU.Build.0 = Release|Any CPU
	EndGlobalSection
	GlobalSection(SolutionProperties) = preSolution
		HideSolutionNode = FALSE
	EndGlobalSection
	GlobalSection(ExtensibilityGlobals) = postSolution
		SolutionGuid = {E4C9B722-CF1D-4B2C-AC27-E49466D04377}
	EndGlobalSection
EndGlobal
