
Microsoft Visual Studio Solution File, Format Version 12.00
# Visual Studio Version 17
VisualStudioVersion = 17.2.32630.192
MinimumVisualStudioVersion = 10.0.40219.1
Project("{9A19103F-16F7-4668-BE54-9A1E7A4F7556}") = "R5T.Z0041.Construction", "R5T.Z0041.Construction\R5T.Z0041.Construction.csproj", "{A9EBD90B-CA5B-4035-B00C-C1377027F54E}"
EndProject
Project("{9A19103F-16F7-4668-BE54-9A1E7A4F7556}") = "R5T.Z0041", "R5T.Z0041\R5T.Z0041.csproj", "{F1A86D53-2EAC-4DD5-B5DF-23079E74B195}"
EndProject
Project("{2150E333-8FDC-42A3-9474-1A3956D46DE8}") = "_Dependencies", "_Dependencies", "{E979545C-9E60-4D9B-998E-CB1ACDC0BBD1}"
EndProject
Project("{9A19103F-16F7-4668-BE54-9A1E7A4F7556}") = "R5T.T0143", "..\..\R5T.T0143\source\R5T.T0143\R5T.T0143.csproj", "{F5FDD8AE-5156-4C6D-AFCF-51B6A80B224A}"
EndProject
Project("{9A19103F-16F7-4668-BE54-9A1E7A4F7556}") = "R5T.T0156", "..\..\R5T.T0156\source\R5T.T0156\R5T.T0156.csproj", "{57504B89-8BB8-4014-9B5F-4631828DD63A}"
EndProject
Project("{9A19103F-16F7-4668-BE54-9A1E7A4F7556}") = "R5T.T0178", "..\..\R5T.T0178\source\R5T.T0178\R5T.T0178.csproj", "{2005C2D9-A173-4C73-991A-0C8A40091EE6}"
EndProject
Project("{9A19103F-16F7-4668-BE54-9A1E7A4F7556}") = "R5T.T0179", "..\..\R5T.T0179\source\R5T.T0179\R5T.T0179.csproj", "{3EF7DFDF-0F1A-4051-96A1-536857283530}"
EndProject
Project("{9A19103F-16F7-4668-BE54-9A1E7A4F7556}") = "R5T.T0182", "..\..\R5T.T0182\source\R5T.T0182\R5T.T0182.csproj", "{2146D105-1D6B-411D-970E-533A08E17537}"
EndProject
Project("{9A19103F-16F7-4668-BE54-9A1E7A4F7556}") = "R5T.Y0005", "..\..\R5T.Y0005\source\R5T.Y0005\R5T.Y0005.csproj", "{9F733EF3-C84B-4D58-BB52-C03D7F26D50C}"
EndProject
Project("{9A19103F-16F7-4668-BE54-9A1E7A4F7556}") = "R5T.T0131", "..\..\R5T.T0131\source\R5T.T0131\R5T.T0131.csproj", "{CD24C09C-3895-42F5-9C9A-A200A860194C}"
EndProject
Global
	GlobalSection(NestedProjects) = preSolution
		{F5FDD8AE-5156-4C6D-AFCF-51B6A80B224A} = {E979545C-9E60-4D9B-998E-CB1ACDC0BBD1}
		{57504B89-8BB8-4014-9B5F-4631828DD63A} = {E979545C-9E60-4D9B-998E-CB1ACDC0BBD1}
		{2005C2D9-A173-4C73-991A-0C8A40091EE6} = {E979545C-9E60-4D9B-998E-CB1ACDC0BBD1}
		{3EF7DFDF-0F1A-4051-96A1-536857283530} = {E979545C-9E60-4D9B-998E-CB1ACDC0BBD1}
		{2146D105-1D6B-411D-970E-533A08E17537} = {E979545C-9E60-4D9B-998E-CB1ACDC0BBD1}
		{9F733EF3-C84B-4D58-BB52-C03D7F26D50C} = {E979545C-9E60-4D9B-998E-CB1ACDC0BBD1}
		{CD24C09C-3895-42F5-9C9A-A200A860194C} = {E979545C-9E60-4D9B-998E-CB1ACDC0BBD1}
	EndGlobalSection
	GlobalSection(SolutionConfigurationPlatforms) = preSolution
		Debug|Any CPU = Debug|Any CPU
		Release|Any CPU = Release|Any CPU
	EndGlobalSection
	GlobalSection(ProjectConfigurationPlatforms) = postSolution
		{A9EBD90B-CA5B-4035-B00C-C1377027F54E}.Debug|Any CPU.ActiveCfg = Debug|Any CPU
		{A9EBD90B-CA5B-4035-B00C-C1377027F54E}.Debug|Any CPU.Build.0 = Debug|Any CPU
		{A9EBD90B-CA5B-4035-B00C-C1377027F54E}.Release|Any CPU.ActiveCfg = Release|Any CPU
		{A9EBD90B-CA5B-4035-B00C-C1377027F54E}.Release|Any CPU.Build.0 = Release|Any CPU
		{F1A86D53-2EAC-4DD5-B5DF-23079E74B195}.Debug|Any CPU.ActiveCfg = Debug|Any CPU
		{F1A86D53-2EAC-4DD5-B5DF-23079E74B195}.Debug|Any CPU.Build.0 = Debug|Any CPU
		{F1A86D53-2EAC-4DD5-B5DF-23079E74B195}.Release|Any CPU.ActiveCfg = Release|Any CPU
		{F1A86D53-2EAC-4DD5-B5DF-23079E74B195}.Release|Any CPU.Build.0 = Release|Any CPU
		{F5FDD8AE-5156-4C6D-AFCF-51B6A80B224A}.Debug|Any CPU.ActiveCfg = Debug|Any CPU
		{F5FDD8AE-5156-4C6D-AFCF-51B6A80B224A}.Debug|Any CPU.Build.0 = Debug|Any CPU
		{F5FDD8AE-5156-4C6D-AFCF-51B6A80B224A}.Release|Any CPU.ActiveCfg = Release|Any CPU
		{F5FDD8AE-5156-4C6D-AFCF-51B6A80B224A}.Release|Any CPU.Build.0 = Release|Any CPU
		{57504B89-8BB8-4014-9B5F-4631828DD63A}.Debug|Any CPU.ActiveCfg = Debug|Any CPU
		{57504B89-8BB8-4014-9B5F-4631828DD63A}.Debug|Any CPU.Build.0 = Debug|Any CPU
		{57504B89-8BB8-4014-9B5F-4631828DD63A}.Release|Any CPU.ActiveCfg = Release|Any CPU
		{57504B89-8BB8-4014-9B5F-4631828DD63A}.Release|Any CPU.Build.0 = Release|Any CPU
		{2005C2D9-A173-4C73-991A-0C8A40091EE6}.Debug|Any CPU.ActiveCfg = Debug|Any CPU
		{2005C2D9-A173-4C73-991A-0C8A40091EE6}.Debug|Any CPU.Build.0 = Debug|Any CPU
		{2005C2D9-A173-4C73-991A-0C8A40091EE6}.Release|Any CPU.ActiveCfg = Release|Any CPU
		{2005C2D9-A173-4C73-991A-0C8A40091EE6}.Release|Any CPU.Build.0 = Release|Any CPU
		{3EF7DFDF-0F1A-4051-96A1-536857283530}.Debug|Any CPU.ActiveCfg = Debug|Any CPU
		{3EF7DFDF-0F1A-4051-96A1-536857283530}.Debug|Any CPU.Build.0 = Debug|Any CPU
		{3EF7DFDF-0F1A-4051-96A1-536857283530}.Release|Any CPU.ActiveCfg = Release|Any CPU
		{3EF7DFDF-0F1A-4051-96A1-536857283530}.Release|Any CPU.Build.0 = Release|Any CPU
		{2146D105-1D6B-411D-970E-533A08E17537}.Debug|Any CPU.ActiveCfg = Debug|Any CPU
		{2146D105-1D6B-411D-970E-533A08E17537}.Debug|Any CPU.Build.0 = Debug|Any CPU
		{2146D105-1D6B-411D-970E-533A08E17537}.Release|Any CPU.ActiveCfg = Release|Any CPU
		{2146D105-1D6B-411D-970E-533A08E17537}.Release|Any CPU.Build.0 = Release|Any CPU
		{9F733EF3-C84B-4D58-BB52-C03D7F26D50C}.Debug|Any CPU.ActiveCfg = Debug|Any CPU
		{9F733EF3-C84B-4D58-BB52-C03D7F26D50C}.Debug|Any CPU.Build.0 = Debug|Any CPU
		{9F733EF3-C84B-4D58-BB52-C03D7F26D50C}.Release|Any CPU.ActiveCfg = Release|Any CPU
		{9F733EF3-C84B-4D58-BB52-C03D7F26D50C}.Release|Any CPU.Build.0 = Release|Any CPU
		{CD24C09C-3895-42F5-9C9A-A200A860194C}.Debug|Any CPU.ActiveCfg = Debug|Any CPU
		{CD24C09C-3895-42F5-9C9A-A200A860194C}.Debug|Any CPU.Build.0 = Debug|Any CPU
		{CD24C09C-3895-42F5-9C9A-A200A860194C}.Release|Any CPU.ActiveCfg = Release|Any CPU
		{CD24C09C-3895-42F5-9C9A-A200A860194C}.Release|Any CPU.Build.0 = Release|Any CPU
	EndGlobalSection
	GlobalSection(SolutionProperties) = preSolution
		HideSolutionNode = FALSE
	EndGlobalSection
	GlobalSection(ExtensibilityGlobals) = postSolution
		SolutionGuid = {43D53E2D-63F2-4690-AB88-F1D8BA80004B}
	EndGlobalSection
EndGlobal
