
Microsoft Visual Studio Solution File, Format Version 12.00
# Visual Studio Version 17
VisualStudioVersion = 17.2.32630.192
MinimumVisualStudioVersion = 10.0.40219.1
Project("{9A19103F-16F7-4668-BE54-9A1E7A4F7556}") = "R5T.Z0041", "R5T.Z0041\R5T.Z0041.csproj", "{5BDFD386-D420-435B-88E2-78ECC8BBBC68}"
EndProject
Project("{2150E333-8FDC-42A3-9474-1A3956D46DE8}") = "_Dependencies", "_Dependencies", "{0DD9BC21-2BEA-4C36-85EF-871AA47275F7}"
EndProject
Project("{9A19103F-16F7-4668-BE54-9A1E7A4F7556}") = "R5T.T0143", "..\..\R5T.T0143\source\R5T.T0143\R5T.T0143.csproj", "{F59761AB-E1C6-4637-B3C3-9D8194A017A2}"
EndProject
Project("{9A19103F-16F7-4668-BE54-9A1E7A4F7556}") = "R5T.T0156", "..\..\R5T.T0156\source\R5T.T0156\R5T.T0156.csproj", "{E417976C-1477-4668-B9E6-D594660BA1D5}"
EndProject
Project("{9A19103F-16F7-4668-BE54-9A1E7A4F7556}") = "R5T.T0178", "..\..\R5T.T0178\source\R5T.T0178\R5T.T0178.csproj", "{F494F3EB-94AC-4B38-AEDF-72B15368A1B5}"
EndProject
Project("{9A19103F-16F7-4668-BE54-9A1E7A4F7556}") = "R5T.T0179", "..\..\R5T.T0179\source\R5T.T0179\R5T.T0179.csproj", "{DC810B3C-4311-4F6D-8BF2-A673BB7A2787}"
EndProject
Project("{9A19103F-16F7-4668-BE54-9A1E7A4F7556}") = "R5T.T0182", "..\..\R5T.T0182\source\R5T.T0182\R5T.T0182.csproj", "{F30DD111-0B64-41C8-9960-D6D406F14CFA}"
EndProject
Project("{9A19103F-16F7-4668-BE54-9A1E7A4F7556}") = "R5T.Y0005", "..\..\R5T.Y0005\source\R5T.Y0005\R5T.Y0005.csproj", "{4980F724-36CA-43A2-8A94-DB671E01A0EC}"
EndProject
Project("{9A19103F-16F7-4668-BE54-9A1E7A4F7556}") = "R5T.T0131", "..\..\R5T.T0131\source\R5T.T0131\R5T.T0131.csproj", "{8A251EC9-CCA3-41F1-B935-2FC3E80032CB}"
EndProject
Project("{9A19103F-16F7-4668-BE54-9A1E7A4F7556}") = "R5T.T0132", "..\..\R5T.T0132\source\R5T.T0132\R5T.T0132.csproj", "{39A79446-A656-4861-A424-EAF90F79DCE8}"
EndProject
Project("{9A19103F-16F7-4668-BE54-9A1E7A4F7556}") = "R5T.T0183", "..\..\R5T.T0183\source\R5T.T0183\R5T.T0183.csproj", "{F84B2123-1045-457D-A74B-F18B8BD7BA6A}"
EndProject
Global
	GlobalSection(SolutionConfigurationPlatforms) = preSolution
		Debug|Any CPU = Debug|Any CPU
		Release|Any CPU = Release|Any CPU
	EndGlobalSection
	GlobalSection(ProjectConfigurationPlatforms) = postSolution
		{5BDFD386-D420-435B-88E2-78ECC8BBBC68}.Debug|Any CPU.ActiveCfg = Debug|Any CPU
		{5BDFD386-D420-435B-88E2-78ECC8BBBC68}.Debug|Any CPU.Build.0 = Debug|Any CPU
		{5BDFD386-D420-435B-88E2-78ECC8BBBC68}.Release|Any CPU.ActiveCfg = Release|Any CPU
		{5BDFD386-D420-435B-88E2-78ECC8BBBC68}.Release|Any CPU.Build.0 = Release|Any CPU
		{F59761AB-E1C6-4637-B3C3-9D8194A017A2}.Debug|Any CPU.ActiveCfg = Debug|Any CPU
		{F59761AB-E1C6-4637-B3C3-9D8194A017A2}.Debug|Any CPU.Build.0 = Debug|Any CPU
		{F59761AB-E1C6-4637-B3C3-9D8194A017A2}.Release|Any CPU.ActiveCfg = Release|Any CPU
		{F59761AB-E1C6-4637-B3C3-9D8194A017A2}.Release|Any CPU.Build.0 = Release|Any CPU
		{E417976C-1477-4668-B9E6-D594660BA1D5}.Debug|Any CPU.ActiveCfg = Debug|Any CPU
		{E417976C-1477-4668-B9E6-D594660BA1D5}.Debug|Any CPU.Build.0 = Debug|Any CPU
		{E417976C-1477-4668-B9E6-D594660BA1D5}.Release|Any CPU.ActiveCfg = Release|Any CPU
		{E417976C-1477-4668-B9E6-D594660BA1D5}.Release|Any CPU.Build.0 = Release|Any CPU
		{F494F3EB-94AC-4B38-AEDF-72B15368A1B5}.Debug|Any CPU.ActiveCfg = Debug|Any CPU
		{F494F3EB-94AC-4B38-AEDF-72B15368A1B5}.Debug|Any CPU.Build.0 = Debug|Any CPU
		{F494F3EB-94AC-4B38-AEDF-72B15368A1B5}.Release|Any CPU.ActiveCfg = Release|Any CPU
		{F494F3EB-94AC-4B38-AEDF-72B15368A1B5}.Release|Any CPU.Build.0 = Release|Any CPU
		{DC810B3C-4311-4F6D-8BF2-A673BB7A2787}.Debug|Any CPU.ActiveCfg = Debug|Any CPU
		{DC810B3C-4311-4F6D-8BF2-A673BB7A2787}.Debug|Any CPU.Build.0 = Debug|Any CPU
		{DC810B3C-4311-4F6D-8BF2-A673BB7A2787}.Release|Any CPU.ActiveCfg = Release|Any CPU
		{DC810B3C-4311-4F6D-8BF2-A673BB7A2787}.Release|Any CPU.Build.0 = Release|Any CPU
		{F30DD111-0B64-41C8-9960-D6D406F14CFA}.Debug|Any CPU.ActiveCfg = Debug|Any CPU
		{F30DD111-0B64-41C8-9960-D6D406F14CFA}.Debug|Any CPU.Build.0 = Debug|Any CPU
		{F30DD111-0B64-41C8-9960-D6D406F14CFA}.Release|Any CPU.ActiveCfg = Release|Any CPU
		{F30DD111-0B64-41C8-9960-D6D406F14CFA}.Release|Any CPU.Build.0 = Release|Any CPU
		{4980F724-36CA-43A2-8A94-DB671E01A0EC}.Debug|Any CPU.ActiveCfg = Debug|Any CPU
		{4980F724-36CA-43A2-8A94-DB671E01A0EC}.Debug|Any CPU.Build.0 = Debug|Any CPU
		{4980F724-36CA-43A2-8A94-DB671E01A0EC}.Release|Any CPU.ActiveCfg = Release|Any CPU
		{4980F724-36CA-43A2-8A94-DB671E01A0EC}.Release|Any CPU.Build.0 = Release|Any CPU
		{8A251EC9-CCA3-41F1-B935-2FC3E80032CB}.Debug|Any CPU.ActiveCfg = Debug|Any CPU
		{8A251EC9-CCA3-41F1-B935-2FC3E80032CB}.Debug|Any CPU.Build.0 = Debug|Any CPU
		{8A251EC9-CCA3-41F1-B935-2FC3E80032CB}.Release|Any CPU.ActiveCfg = Release|Any CPU
		{8A251EC9-CCA3-41F1-B935-2FC3E80032CB}.Release|Any CPU.Build.0 = Release|Any CPU
		{39A79446-A656-4861-A424-EAF90F79DCE8}.Debug|Any CPU.ActiveCfg = Debug|Any CPU
		{39A79446-A656-4861-A424-EAF90F79DCE8}.Debug|Any CPU.Build.0 = Debug|Any CPU
		{39A79446-A656-4861-A424-EAF90F79DCE8}.Release|Any CPU.ActiveCfg = Release|Any CPU
		{39A79446-A656-4861-A424-EAF90F79DCE8}.Release|Any CPU.Build.0 = Release|Any CPU
		{F84B2123-1045-457D-A74B-F18B8BD7BA6A}.Debug|Any CPU.ActiveCfg = Debug|Any CPU
		{F84B2123-1045-457D-A74B-F18B8BD7BA6A}.Debug|Any CPU.Build.0 = Debug|Any CPU
		{F84B2123-1045-457D-A74B-F18B8BD7BA6A}.Release|Any CPU.ActiveCfg = Release|Any CPU
		{F84B2123-1045-457D-A74B-F18B8BD7BA6A}.Release|Any CPU.Build.0 = Release|Any CPU
	EndGlobalSection
	GlobalSection(SolutionProperties) = preSolution
		HideSolutionNode = FALSE
	EndGlobalSection
	GlobalSection(NestedProjects) = preSolution
		{F59761AB-E1C6-4637-B3C3-9D8194A017A2} = {0DD9BC21-2BEA-4C36-85EF-871AA47275F7}
		{E417976C-1477-4668-B9E6-D594660BA1D5} = {0DD9BC21-2BEA-4C36-85EF-871AA47275F7}
		{F494F3EB-94AC-4B38-AEDF-72B15368A1B5} = {0DD9BC21-2BEA-4C36-85EF-871AA47275F7}
		{DC810B3C-4311-4F6D-8BF2-A673BB7A2787} = {0DD9BC21-2BEA-4C36-85EF-871AA47275F7}
		{F30DD111-0B64-41C8-9960-D6D406F14CFA} = {0DD9BC21-2BEA-4C36-85EF-871AA47275F7}
		{4980F724-36CA-43A2-8A94-DB671E01A0EC} = {0DD9BC21-2BEA-4C36-85EF-871AA47275F7}
		{8A251EC9-CCA3-41F1-B935-2FC3E80032CB} = {0DD9BC21-2BEA-4C36-85EF-871AA47275F7}
		{39A79446-A656-4861-A424-EAF90F79DCE8} = {0DD9BC21-2BEA-4C36-85EF-871AA47275F7}
		{F84B2123-1045-457D-A74B-F18B8BD7BA6A} = {0DD9BC21-2BEA-4C36-85EF-871AA47275F7}
	EndGlobalSection
	GlobalSection(ExtensibilityGlobals) = postSolution
		SolutionGuid = {E4C9B722-CF1D-4B2C-AC27-E49466D04377}
	EndGlobalSection
EndGlobal
